
Microsoft Visual Studio Solution File, Format Version 12.00
# Visual Studio 15
VisualStudioVersion = 15.0.28306.52
MinimumVisualStudioVersion = 10.0.40219.1
Project("{8BC9CEB8-8B4A-11D0-8D11-00A0C91BC942}") = "L4", "L4\L4.vcxproj", "{0A169443-F92C-4D02-B918-98FEDC6DEB27}"
EndProject
Global
	GlobalSection(SolutionConfigurationPlatforms) = preSolution
		Debug|x64 = Debug|x64
		Debug|x86 = Debug|x86
		Release|x64 = Release|x64
		Release|x86 = Release|x86
	EndGlobalSection
	GlobalSection(ProjectConfigurationPlatforms) = postSolution
		{0A169443-F92C-4D02-B918-98FEDC6DEB27}.Debug|x64.ActiveCfg = Debug|x64
		{0A169443-F92C-4D02-B918-98FEDC6DEB27}.Debug|x64.Build.0 = Debug|x64
		{0A169443-F92C-4D02-B918-98FEDC6DEB27}.Debug|x86.ActiveCfg = Debug|Win32
		{0A169443-F92C-4D02-B918-98FEDC6DEB27}.Debug|x86.Build.0 = Debug|Win32
		{0A169443-F92C-4D02-B918-98FEDC6DEB27}.Release|x64.ActiveCfg = Release|x64
		{0A169443-F92C-4D02-B918-98FEDC6DEB27}.Release|x64.Build.0 = Release|x64
		{0A169443-F92C-4D02-B918-98FEDC6DEB27}.Release|x86.ActiveCfg = Release|Win32
		{0A169443-F92C-4D02-B918-98FEDC6DEB27}.Release|x86.Build.0 = Release|Win32
	EndGlobalSection
	GlobalSection(SolutionProperties) = preSolution
		HideSolutionNode = FALSE
	EndGlobalSection
	GlobalSection(ExtensibilityGlobals) = postSolution
		SolutionGuid = {47821BB6-AA18-4C35-A79B-F4755C6D529A}
	EndGlobalSection
EndGlobal
