
Microsoft Visual Studio Solution File, Format Version 12.00
# Visual Studio 15
VisualStudioVersion = 15.0.28010.2050
MinimumVisualStudioVersion = 10.0.40219.1
Project("{8BC9CEB8-8B4A-11D0-8D11-00A0C91BC942}") = "L49", "L49\L49.vcxproj", "{AA362EB7-F810-4BF3-810C-827DD93EBFA1}"
EndProject
Global
	GlobalSection(SolutionConfigurationPlatforms) = preSolution
		Debug|x64 = Debug|x64
		Debug|x86 = Debug|x86
		Release|x64 = Release|x64
		Release|x86 = Release|x86
	EndGlobalSection
	GlobalSection(ProjectConfigurationPlatforms) = postSolution
		{AA362EB7-F810-4BF3-810C-827DD93EBFA1}.Debug|x64.ActiveCfg = Debug|x64
		{AA362EB7-F810-4BF3-810C-827DD93EBFA1}.Debug|x64.Build.0 = Debug|x64
		{AA362EB7-F810-4BF3-810C-827DD93EBFA1}.Debug|x86.ActiveCfg = Debug|Win32
		{AA362EB7-F810-4BF3-810C-827DD93EBFA1}.Debug|x86.Build.0 = Debug|Win32
		{AA362EB7-F810-4BF3-810C-827DD93EBFA1}.Release|x64.ActiveCfg = Release|x64
		{AA362EB7-F810-4BF3-810C-827DD93EBFA1}.Release|x64.Build.0 = Release|x64
		{AA362EB7-F810-4BF3-810C-827DD93EBFA1}.Release|x86.ActiveCfg = Release|Win32
		{AA362EB7-F810-4BF3-810C-827DD93EBFA1}.Release|x86.Build.0 = Release|Win32
	EndGlobalSection
	GlobalSection(SolutionProperties) = preSolution
		HideSolutionNode = FALSE
	EndGlobalSection
	GlobalSection(ExtensibilityGlobals) = postSolution
		SolutionGuid = {2D780681-8DB3-470D-ADA6-4D65D8CD232D}
	EndGlobalSection
EndGlobal
