
Microsoft Visual Studio Solution File, Format Version 12.00
# Visual Studio 15
VisualStudioVersion = 15.0.28306.52
MinimumVisualStudioVersion = 10.0.40219.1
Project("{8BC9CEB8-8B4A-11D0-8D11-00A0C91BC942}") = "Project2.22", "Project2.22\Project2.22.vcxproj", "{BDE00618-265D-4BE0-BA69-5D8E82350818}"
EndProject
Global
	GlobalSection(SolutionConfigurationPlatforms) = preSolution
		Debug|x64 = Debug|x64
		Debug|x86 = Debug|x86
		Release|x64 = Release|x64
		Release|x86 = Release|x86
	EndGlobalSection
	GlobalSection(ProjectConfigurationPlatforms) = postSolution
		{BDE00618-265D-4BE0-BA69-5D8E82350818}.Debug|x64.ActiveCfg = Debug|x64
		{BDE00618-265D-4BE0-BA69-5D8E82350818}.Debug|x64.Build.0 = Debug|x64
		{BDE00618-265D-4BE0-BA69-5D8E82350818}.Debug|x86.ActiveCfg = Debug|Win32
		{BDE00618-265D-4BE0-BA69-5D8E82350818}.Debug|x86.Build.0 = Debug|Win32
		{BDE00618-265D-4BE0-BA69-5D8E82350818}.Release|x64.ActiveCfg = Release|x64
		{BDE00618-265D-4BE0-BA69-5D8E82350818}.Release|x64.Build.0 = Release|x64
		{BDE00618-265D-4BE0-BA69-5D8E82350818}.Release|x86.ActiveCfg = Release|Win32
		{BDE00618-265D-4BE0-BA69-5D8E82350818}.Release|x86.Build.0 = Release|Win32
	EndGlobalSection
	GlobalSection(SolutionProperties) = preSolution
		HideSolutionNode = FALSE
	EndGlobalSection
	GlobalSection(ExtensibilityGlobals) = postSolution
		SolutionGuid = {2B17A575-FC77-4FE9-BF50-D9B1F1C50211}
	EndGlobalSection
EndGlobal
