
Microsoft Visual Studio Solution File, Format Version 12.00
# Visual Studio 15
VisualStudioVersion = 15.0.28010.2050
MinimumVisualStudioVersion = 10.0.40219.1
Project("{8BC9CEB8-8B4A-11D0-8D11-00A0C91BC942}") = "L24", "L24\L24.vcxproj", "{F5C3A1D3-1B87-4451-AD01-4BFDBEB44864}"
EndProject
Global
	GlobalSection(SolutionConfigurationPlatforms) = preSolution
		Debug|x64 = Debug|x64
		Debug|x86 = Debug|x86
		Release|x64 = Release|x64
		Release|x86 = Release|x86
	EndGlobalSection
	GlobalSection(ProjectConfigurationPlatforms) = postSolution
		{F5C3A1D3-1B87-4451-AD01-4BFDBEB44864}.Debug|x64.ActiveCfg = Debug|x64
		{F5C3A1D3-1B87-4451-AD01-4BFDBEB44864}.Debug|x64.Build.0 = Debug|x64
		{F5C3A1D3-1B87-4451-AD01-4BFDBEB44864}.Debug|x86.ActiveCfg = Debug|Win32
		{F5C3A1D3-1B87-4451-AD01-4BFDBEB44864}.Debug|x86.Build.0 = Debug|Win32
		{F5C3A1D3-1B87-4451-AD01-4BFDBEB44864}.Release|x64.ActiveCfg = Release|x64
		{F5C3A1D3-1B87-4451-AD01-4BFDBEB44864}.Release|x64.Build.0 = Release|x64
		{F5C3A1D3-1B87-4451-AD01-4BFDBEB44864}.Release|x86.ActiveCfg = Release|Win32
		{F5C3A1D3-1B87-4451-AD01-4BFDBEB44864}.Release|x86.Build.0 = Release|Win32
	EndGlobalSection
	GlobalSection(SolutionProperties) = preSolution
		HideSolutionNode = FALSE
	EndGlobalSection
	GlobalSection(ExtensibilityGlobals) = postSolution
		SolutionGuid = {6259D3AC-4E0A-496A-83FC-B4C3B93997BB}
	EndGlobalSection
EndGlobal
