
Microsoft Visual Studio Solution File, Format Version 12.00
# Visual Studio 15
VisualStudioVersion = 15.0.28306.52
MinimumVisualStudioVersion = 10.0.40219.1
Project("{8BC9CEB8-8B4A-11D0-8D11-00A0C91BC942}") = "Project2.17", "Project2.17\Project2.17.vcxproj", "{E503DFDF-2F13-44DD-A448-C87597212900}"
EndProject
Global
	GlobalSection(SolutionConfigurationPlatforms) = preSolution
		Debug|x64 = Debug|x64
		Debug|x86 = Debug|x86
		Release|x64 = Release|x64
		Release|x86 = Release|x86
	EndGlobalSection
	GlobalSection(ProjectConfigurationPlatforms) = postSolution
		{E503DFDF-2F13-44DD-A448-C87597212900}.Debug|x64.ActiveCfg = Debug|x64
		{E503DFDF-2F13-44DD-A448-C87597212900}.Debug|x64.Build.0 = Debug|x64
		{E503DFDF-2F13-44DD-A448-C87597212900}.Debug|x86.ActiveCfg = Debug|Win32
		{E503DFDF-2F13-44DD-A448-C87597212900}.Debug|x86.Build.0 = Debug|Win32
		{E503DFDF-2F13-44DD-A448-C87597212900}.Release|x64.ActiveCfg = Release|x64
		{E503DFDF-2F13-44DD-A448-C87597212900}.Release|x64.Build.0 = Release|x64
		{E503DFDF-2F13-44DD-A448-C87597212900}.Release|x86.ActiveCfg = Release|Win32
		{E503DFDF-2F13-44DD-A448-C87597212900}.Release|x86.Build.0 = Release|Win32
	EndGlobalSection
	GlobalSection(SolutionProperties) = preSolution
		HideSolutionNode = FALSE
	EndGlobalSection
	GlobalSection(ExtensibilityGlobals) = postSolution
		SolutionGuid = {90202A18-1037-4B52-9F0C-7082E3BD231E}
	EndGlobalSection
EndGlobal
